
Microsoft Visual Studio Solution File, Format Version 12.00
# Visual Studio Version 17
VisualStudioVersion = 17.0.31903.59
MinimumVisualStudioVersion = 10.0.40219.1
Project("{2150E333-8FDC-42A3-9474-1A3956D46DE8}") = "src", "src", "{827E0CD3-B72D-47B6-A68D-7590B98EB39B}"
EndProject
Project("{FAE04EC0-301F-11D3-BF4B-00C04F79EFBC}") = "DsaVisual.Api", "src\DsaVisual.Api\DsaVisual.Api.csproj", "{D394CC6E-588D-4693-9EB8-334B9DF9C91D}"
EndProject
Project("{FAE04EC0-301F-11D3-BF4B-00C04F79EFBC}") = "DsaVisual.Application", "src\DsaVisual.Application\DsaVisual.Application.csproj", "{F46FB563-6C8A-4EE5-BE96-A2A992472DF3}"
EndProject
Project("{2150E333-8FDC-42A3-9474-1A3956D46DE8}") = "tests", "tests", "{0AB3BF05-4346-4AA6-1389-037BE0695223}"
EndProject
Project("{FAE04EC0-301F-11D3-BF4B-00C04F79EFBC}") = "DsaVisual.UnitTests", "tests\DsaVisual.UnitTests\DsaVisual.UnitTests.csproj", "{277A18AC-C737-4D0B-AF36-E40CE0786831}"
EndProject
Project("{FAE04EC0-301F-11D3-BF4B-00C04F79EFBC}") = "DsaVisual.IntegrationTests", "tests\DsaVisual.IntegrationTests\DsaVisual.IntegrationTests.csproj", "{6E5EEA23-D29A-4C43-A1D3-E710263CD74E}"
EndProject
Project("{FAE04EC0-301F-11D3-BF4B-00C04F79EFBC}") = "DsaVisual.Api.Tests", "tests\DsaVisual.Api.Tests\DsaVisual.Api.Tests.csproj", "{4FEBADC1-E5FA-44D2-9FF2-56C05FB9C103}"
EndProject
Global
	GlobalSection(SolutionConfigurationPlatforms) = preSolution
		Debug|Any CPU = Debug|Any CPU
		Debug|x64 = Debug|x64
		Debug|x86 = Debug|x86
		Release|Any CPU = Release|Any CPU
		Release|x64 = Release|x64
		Release|x86 = Release|x86
	EndGlobalSection
	GlobalSection(ProjectConfigurationPlatforms) = postSolution
		{D394CC6E-588D-4693-9EB8-334B9DF9C91D}.Debug|Any CPU.ActiveCfg = Debug|Any CPU
		{D394CC6E-588D-4693-9EB8-334B9DF9C91D}.Debug|Any CPU.Build.0 = Debug|Any CPU
		{D394CC6E-588D-4693-9EB8-334B9DF9C91D}.Debug|x64.ActiveCfg = Debug|Any CPU
		{D394CC6E-588D-4693-9EB8-334B9DF9C91D}.Debug|x64.Build.0 = Debug|Any CPU
		{D394CC6E-588D-4693-9EB8-334B9DF9C91D}.Debug|x86.ActiveCfg = Debug|Any CPU
		{D394CC6E-588D-4693-9EB8-334B9DF9C91D}.Debug|x86.Build.0 = Debug|Any CPU
		{D394CC6E-588D-4693-9EB8-334B9DF9C91D}.Release|Any CPU.ActiveCfg = Release|Any CPU
		{D394CC6E-588D-4693-9EB8-334B9DF9C91D}.Release|Any CPU.Build.0 = Release|Any CPU
		{D394CC6E-588D-4693-9EB8-334B9DF9C91D}.Release|x64.ActiveCfg = Release|Any CPU
		{D394CC6E-588D-4693-9EB8-334B9DF9C91D}.Release|x64.Build.0 = Release|Any CPU
		{D394CC6E-588D-4693-9EB8-334B9DF9C91D}.Release|x86.ActiveCfg = Release|Any CPU
		{D394CC6E-588D-4693-9EB8-334B9DF9C91D}.Release|x86.Build.0 = Release|Any CPU
		{F46FB563-6C8A-4EE5-BE96-A2A992472DF3}.Debug|Any CPU.ActiveCfg = Debug|Any CPU
		{F46FB563-6C8A-4EE5-BE96-A2A992472DF3}.Debug|Any CPU.Build.0 = Debug|Any CPU
		{F46FB563-6C8A-4EE5-BE96-A2A992472DF3}.Debug|x64.ActiveCfg = Debug|Any CPU
		{F46FB563-6C8A-4EE5-BE96-A2A992472DF3}.Debug|x64.Build.0 = Debug|Any CPU
		{F46FB563-6C8A-4EE5-BE96-A2A992472DF3}.Debug|x86.ActiveCfg = Debug|Any CPU
		{F46FB563-6C8A-4EE5-BE96-A2A992472DF3}.Debug|x86.Build.0 = Debug|Any CPU
		{F46FB563-6C8A-4EE5-BE96-A2A992472DF3}.Release|Any CPU.ActiveCfg = Release|Any CPU
		{F46FB563-6C8A-4EE5-BE96-A2A992472DF3}.Release|Any CPU.Build.0 = Release|Any CPU
		{F46FB563-6C8A-4EE5-BE96-A2A992472DF3}.Release|x64.ActiveCfg = Release|Any CPU
		{F46FB563-6C8A-4EE5-BE96-A2A992472DF3}.Release|x64.Build.0 = Release|Any CPU
		{F46FB563-6C8A-4EE5-BE96-A2A992472DF3}.Release|x86.ActiveCfg = Release|Any CPU
		{F46FB563-6C8A-4EE5-BE96-A2A992472DF3}.Release|x86.Build.0 = Release|Any CPU
		{277A18AC-C737-4D0B-AF36-E40CE0786831}.Debug|Any CPU.ActiveCfg = Debug|Any CPU
		{277A18AC-C737-4D0B-AF36-E40CE0786831}.Debug|Any CPU.Build.0 = Debug|Any CPU
		{277A18AC-C737-4D0B-AF36-E40CE0786831}.Debug|x64.ActiveCfg = Debug|Any CPU
		{277A18AC-C737-4D0B-AF36-E40CE0786831}.Debug|x64.Build.0 = Debug|Any CPU
		{277A18AC-C737-4D0B-AF36-E40CE0786831}.Debug|x86.ActiveCfg = Debug|Any CPU
		{277A18AC-C737-4D0B-AF36-E40CE0786831}.Debug|x86.Build.0 = Debug|Any CPU
		{277A18AC-C737-4D0B-AF36-E40CE0786831}.Release|Any CPU.ActiveCfg = Release|Any CPU
		{277A18AC-C737-4D0B-AF36-E40CE0786831}.Release|Any CPU.Build.0 = Release|Any CPU
		{277A18AC-C737-4D0B-AF36-E40CE0786831}.Release|x64.ActiveCfg = Release|Any CPU
		{277A18AC-C737-4D0B-AF36-E40CE0786831}.Release|x64.Build.0 = Release|Any CPU
		{277A18AC-C737-4D0B-AF36-E40CE0786831}.Release|x86.ActiveCfg = Release|Any CPU
		{277A18AC-C737-4D0B-AF36-E40CE0786831}.Release|x86.Build.0 = Release|Any CPU
		{6E5EEA23-D29A-4C43-A1D3-E710263CD74E}.Debug|Any CPU.ActiveCfg = Debug|Any CPU
		{6E5EEA23-D29A-4C43-A1D3-E710263CD74E}.Debug|Any CPU.Build.0 = Debug|Any CPU
		{6E5EEA23-D29A-4C43-A1D3-E710263CD74E}.Debug|x64.ActiveCfg = Debug|Any CPU
		{6E5EEA23-D29A-4C43-A1D3-E710263CD74E}.Debug|x64.Build.0 = Debug|Any CPU
		{6E5EEA23-D29A-4C43-A1D3-E710263CD74E}.Debug|x86.ActiveCfg = Debug|Any CPU
		{6E5EEA23-D29A-4C43-A1D3-E710263CD74E}.Debug|x86.Build.0 = Debug|Any CPU
		{6E5EEA23-D29A-4C43-A1D3-E710263CD74E}.Release|Any CPU.ActiveCfg = Release|Any CPU
		{6E5EEA23-D29A-4C43-A1D3-E710263CD74E}.Release|Any CPU.Build.0 = Release|Any CPU
		{6E5EEA23-D29A-4C43-A1D3-E710263CD74E}.Release|x64.ActiveCfg = Release|Any CPU
		{6E5EEA23-D29A-4C43-A1D3-E710263CD74E}.Release|x64.Build.0 = Release|Any CPU
		{6E5EEA23-D29A-4C43-A1D3-E710263CD74E}.Release|x86.ActiveCfg = Release|Any CPU
		{6E5EEA23-D29A-4C43-A1D3-E710263CD74E}.Release|x86.Build.0 = Release|Any CPU
		{4FEBADC1-E5FA-44D2-9FF2-56C05FB9C103}.Debug|Any CPU.ActiveCfg = Debug|Any CPU
		{4FEBADC1-E5FA-44D2-9FF2-56C05FB9C103}.Debug|Any CPU.Build.0 = Debug|Any CPU
		{4FEBADC1-E5FA-44D2-9FF2-56C05FB9C103}.Debug|x64.ActiveCfg = Debug|Any CPU
		{4FEBADC1-E5FA-44D2-9FF2-56C05FB9C103}.Debug|x64.Build.0 = Debug|Any CPU
		{4FEBADC1-E5FA-44D2-9FF2-56C05FB9C103}.Debug|x86.ActiveCfg = Debug|Any CPU
		{4FEBADC1-E5FA-44D2-9FF2-56C05FB9C103}.Debug|x86.Build.0 = Debug|Any CPU
		{4FEBADC1-E5FA-44D2-9FF2-56C05FB9C103}.Release|Any CPU.ActiveCfg = Release|Any CPU
		{4FEBADC1-E5FA-44D2-9FF2-56C05FB9C103}.Release|Any CPU.Build.0 = Release|Any CPU
		{4FEBADC1-E5FA-44D2-9FF2-56C05FB9C103}.Release|x64.ActiveCfg = Release|Any CPU
		{4FEBADC1-E5FA-44D2-9FF2-56C05FB9C103}.Release|x64.Build.0 = Release|Any CPU
		{4FEBADC1-E5FA-44D2-9FF2-56C05FB9C103}.Release|x86.ActiveCfg = Release|Any CPU
		{4FEBADC1-E5FA-44D2-9FF2-56C05FB9C103}.Release|x86.Build.0 = Release|Any CPU
	EndGlobalSection
	GlobalSection(SolutionProperties) = preSolution
		HideSolutionNode = FALSE
	EndGlobalSection
	GlobalSection(NestedProjects) = preSolution
		{D394CC6E-588D-4693-9EB8-334B9DF9C91D} = {827E0CD3-B72D-47B6-A68D-7590B98EB39B}
		{F46FB563-6C8A-4EE5-BE96-A2A992472DF3} = {827E0CD3-B72D-47B6-A68D-7590B98EB39B}
		{277A18AC-C737-4D0B-AF36-E40CE0786831} = {0AB3BF05-4346-4AA6-1389-037BE0695223}
		{6E5EEA23-D29A-4C43-A1D3-E710263CD74E} = {0AB3BF05-4346-4AA6-1389-037BE0695223}
		{4FEBADC1-E5FA-44D2-9FF2-56C05FB9C103} = {0AB3BF05-4346-4AA6-1389-037BE0695223}
	EndGlobalSection
EndGlobal
